// !$*UTF8*$!
{
	archiveVersion = 1;
	classes = {
	};
	objectVersion = 77;
	objects = {

/* Begin PBXContainerItemProxy section */
		A1BC83D22D58A326009264B5 /* PBXContainerItemProxy */ = {
			isa = PBXContainerItemProxy;
			containerPortal = A1BC83B72D58A324009264B5 /* Project object */;
			proxyType = 1;
			remoteGlobalIDString = A1BC83BE2D58A324009264B5;
			remoteInfo = IOS_test1;
		};
		A1BC83DC2D58A326009264B5 /* PBXContainerItemProxy */ = {
			isa = PBXContainerItemProxy;
			containerPortal = A1BC83B72D58A324009264B5 /* Project object */;
			proxyType = 1;
			remoteGlobalIDString = A1BC83BE2D58A324009264B5;
			remoteInfo = IOS_test1;
		};
/* End PBXContainerItemProxy section */

/* Begin PBXFileReference section */
		A1BC83BF2D58A324009264B5 /* IOS_test1.app */ = {isa = PBXFileReference; explicitFileType = wrapper.application; includeInIndex = 0; path = IOS_test1.app; sourceTree = BUILT_PRODUCTS_DIR; };
		A1BC83D12D58A326009264B5 /* IOS_test1Tests.xctest */ = {isa = PBXFileReference; explicitFileType = wrapper.cfbundle; includeInIndex = 0; path = IOS_test1Tests.xctest; sourceTree = BUILT_PRODUCTS_DIR; };
		A1BC83DB2D58A326009264B5 /* IOS_test1UITests.xctest */ = {isa = PBXFileReference; explicitFileType = wrapper.cfbundle; includeInIndex = 0; path = IOS_test1UITests.xctest; sourceTree = BUILT_PRODUCTS_DIR; };
/* End PBXFileReference section */

/* Begin PBXFileSystemSynchronizedRootGroup section */
		A1BC83C12D58A324009264B5 /* IOS_test1 */ = {
			isa = PBXFileSystemSynchronizedRootGroup;
			path = IOS_test1;
			sourceTree = "<group>";
		};
		A1BC83D42D58A326009264B5 /* IOS_test1Tests */ = {
			isa = PBXFileSystemSynchronizedRootGroup;
			path = IOS_test1Tests;
			sourceTree = "<group>";
		};
		A1BC83DE2D58A326009264B5 /* IOS_test1UITests */ = {
			isa = PBXFileSystemSynchronizedRootGroup;
			path = IOS_test1UITests;
			sourceTree = "<group>";
		};
/* End PBXFileSystemSynchronizedRootGroup section */

/* Begin PBXFrameworksBuildPhase section */
		A1BC83BC2D58A324009264B5 /* Frameworks */ = {
			isa = PBXFrameworksBuildPhase;
			buildActionMask = 2147483647;
			files = (
			);
			runOnlyForDeploymentPostprocessing = 0;
		};
		A1BC83CE2D58A326009264B5 /* Frameworks */ = {
			isa = PBXFrameworksBuildPhase;
			buildActionMask = 2147483647;
			files = (
			);
			runOnlyForDeploymentPostprocessing = 0;
		};
		A1BC83D82D58A326009264B5 /* Frameworks */ = {
			isa = PBXFrameworksBuildPhase;
			buildActionMask = 2147483647;
			files = (
			);
			runOnlyForDeploymentPostprocessing = 0;
		};
/* End PBXFrameworksBuildPhase section */

/* Begin PBXGroup section */
		A1BC83B62D58A324009264B5 = {
			isa = PBXGroup;
			children = (
				A1BC83C12D58A324009264B5 /* IOS_test1 */,
				A1BC83D42D58A326009264B5 /* IOS_test1Tests */,
				A1BC83DE2D58A326009264B5 /* IOS_test1UITests */,
				A1BC83C02D58A324009264B5 /* Products */,
			);
			sourceTree = "<group>";
		};
		A1BC83C02D58A324009264B5 /* Products */ = {
			isa = PBXGroup;
			children = (
				A1BC83BF2D58A324009264B5 /* IOS_test1.app */,
				A1BC83D12D58A326009264B5 /* IOS_test1Tests.xctest */,
				A1BC83DB2D58A326009264B5 /* IOS_test1UITests.xctest */,
			);
			name = Products;
			sourceTree = "<group>";
		};
/* End PBXGroup section */

/* Begin PBXNativeTarget section */
		A1BC83BE2D58A324009264B5 /* IOS_test1 */ = {
			isa = PBXNativeTarget;
			buildConfigurationList = A1BC83E52D58A326009264B5 /* Build configuration list for PBXNativeTarget "IOS_test1" */;
			buildPhases = (
				A1BC83BB2D58A324009264B5 /* Sources */,
				A1BC83BC2D58A324009264B5 /* Frameworks */,
				A1BC83BD2D58A324009264B5 /* Resources */,
			);
			buildRules = (
			);
			dependencies = (
			);
			fileSystemSynchronizedGroups = (
				A1BC83C12D58A324009264B5 /* IOS_test1 */,
			);
			name = IOS_test1;
			packageProductDependencies = (
			);
			productName = IOS_test1;
			productReference = A1BC83BF2D58A324009264B5 /* IOS_test1.app */;
			productType = "com.apple.product-type.application";
		};
		A1BC83D02D58A326009264B5 /* IOS_test1Tests */ = {
			isa = PBXNativeTarget;
			buildConfigurationList = A1BC83E82D58A326009264B5 /* Build configuration list for PBXNativeTarget "IOS_test1Tests" */;
			buildPhases = (
				A1BC83CD2D58A326009264B5 /* Sources */,
				A1BC83CE2D58A326009264B5 /* Frameworks */,
				A1BC83CF2D58A326009264B5 /* Resources */,
			);
			buildRules = (
			);
			dependencies = (
				A1BC83D32D58A326009264B5 /* PBXTargetDependency */,
			);
			fileSystemSynchronizedGroups = (
				A1BC83D42D58A326009264B5 /* IOS_test1Tests */,
			);
			name = IOS_test1Tests;
			packageProductDependencies = (
			);
			productName = IOS_test1Tests;
			productReference = A1BC83D12D58A326009264B5 /* IOS_test1Tests.xctest */;
			productType = "com.apple.product-type.bundle.unit-test";
		};
		A1BC83DA2D58A326009264B5 /* IOS_test1UITests */ = {
			isa = PBXNativeTarget;
			buildConfigurationList = A1BC83EB2D58A326009264B5 /* Build configuration list for PBXNativeTarget "IOS_test1UITests" */;
			buildPhases = (
				A1BC83D72D58A326009264B5 /* Sources */,
				A1BC83D82D58A326009264B5 /* Frameworks */,
				A1BC83D92D58A326009264B5 /* Resources */,
			);
			buildRules = (
			);
			dependencies = (
				A1BC83DD2D58A326009264B5 /* PBXTargetDependency */,
			);
			fileSystemSynchronizedGroups = (
				A1BC83DE2D58A326009264B5 /* IOS_test1UITests */,
			);
			name = IOS_test1UITests;
			packageProductDependencies = (
			);
			productName = IOS_test1UITests;
			productReference = A1BC83DB2D58A326009264B5 /* IOS_test1UITests.xctest */;
			productType = "com.apple.product-type.bundle.ui-testing";
		};
/* End PBXNativeTarget section */

/* Begin PBXProject section */
		A1BC83B72D58A324009264B5 /* Project object */ = {
			isa = PBXProject;
			attributes = {
				BuildIndependentTargetsInParallel = 1;
				LastSwiftUpdateCheck = 1620;
				LastUpgradeCheck = 1620;
				TargetAttributes = {
					A1BC83BE2D58A324009264B5 = {
						CreatedOnToolsVersion = 16.2;
					};
					A1BC83D02D58A326009264B5 = {
						CreatedOnToolsVersion = 16.2;
						TestTargetID = A1BC83BE2D58A324009264B5;
					};
					A1BC83DA2D58A326009264B5 = {
						CreatedOnToolsVersion = 16.2;
						TestTargetID = A1BC83BE2D58A324009264B5;
					};
				};
			};
			buildConfigurationList = A1BC83BA2D58A324009264B5 /* Build configuration list for PBXProject "IOS_test1" */;
			developmentRegion = en;
			hasScannedForEncodings = 0;
			knownRegions = (
				en,
				Base,
			);
			mainGroup = A1BC83B62D58A324009264B5;
			minimizedProjectReferenceProxies = 1;
			preferredProjectObjectVersion = 77;
			productRefGroup = A1BC83C02D58A324009264B5 /* Products */;
			projectDirPath = "";
			projectRoot = "";
			targets = (
				A1BC83BE2D58A324009264B5 /* IOS_test1 */,
				A1BC83D02D58A326009264B5 /* IOS_test1Tests */,
				A1BC83DA2D58A326009264B5 /* IOS_test1UITests */,
			);
		};
/* End PBXProject section */

/* Begin PBXResourcesBuildPhase section */
		A1BC83BD2D58A324009264B5 /* Resources */ = {
			isa = PBXResourcesBuildPhase;
			buildActionMask = 2147483647;
			files = (
			);
			runOnlyForDeploymentPostprocessing = 0;
		};
		A1BC83CF2D58A326009264B5 /* Resources */ = {
			isa = PBXResourcesBuildPhase;
			buildActionMask = 2147483647;
			files = (
			);
			runOnlyForDeploymentPostprocessing = 0;
		};
		A1BC83D92D58A326009264B5 /* Resources */ = {
			isa = PBXResourcesBuildPhase;
			buildActionMask = 2147483647;
			files = (
			);
			runOnlyForDeploymentPostprocessing = 0;
		};
/* End PBXResourcesBuildPhase section */

/* Begin PBXSourcesBuildPhase section */
		A1BC83BB2D58A324009264B5 /* Sources */ = {
			isa = PBXSourcesBuildPhase;
			buildActionMask = 2147483647;
			files = (
			);
			runOnlyForDeploymentPostprocessing = 0;
		};
		A1BC83CD2D58A326009264B5 /* Sources */ = {
			isa = PBXSourcesBuildPhase;
			buildActionMask = 2147483647;
			files = (
			);
			runOnlyForDeploymentPostprocessing = 0;
		};
		A1BC83D72D58A326009264B5 /* Sources */ = {
			isa = PBXSourcesBuildPhase;
			buildActionMask = 2147483647;
			files = (
			);
			runOnlyForDeploymentPostprocessing = 0;
		};
/* End PBXSourcesBuildPhase section */

/* Begin PBXTargetDependency section */
		A1BC83D32D58A326009264B5 /* PBXTargetDependency */ = {
			isa = PBXTargetDependency;
			target = A1BC83BE2D58A324009264B5 /* IOS_test1 */;
			targetProxy = A1BC83D22D58A326009264B5 /* PBXContainerItemProxy */;
		};
		A1BC83DD2D58A326009264B5 /* PBXTargetDependency */ = {
			isa = PBXTargetDependency;
			target = A1BC83BE2D58A324009264B5 /* IOS_test1 */;
			targetProxy = A1BC83DC2D58A326009264B5 /* PBXContainerItemProxy */;
		};
/* End PBXTargetDependency section */

/* Begin XCBuildConfiguration section */
		A1BC83E32D58A326009264B5 /* Debug */ = {
			isa = XCBuildConfiguration;
			buildSettings = {
				ALWAYS_SEARCH_USER_PATHS = NO;
				ASSETCATALOG_COMPILER_GENERATE_SWIFT_ASSET_SYMBOL_EXTENSIONS = YES;
				CLANG_ANALYZER_NONNULL = YES;
				CLANG_ANALYZER_NUMBER_OBJECT_CONVERSION = YES_AGGRESSIVE;
				CLANG_CXX_LANGUAGE_STANDARD = "gnu++20";
				CLANG_ENABLE_MODULES = YES;
				CLANG_ENABLE_OBJC_ARC = YES;
				CLANG_ENABLE_OBJC_WEAK = YES;
				CLANG_WARN_BLOCK_CAPTURE_AUTORELEASING = YES;
				CLANG_WARN_BOOL_CONVERSION = YES;
				CLANG_WARN_COMMA = YES;
				CLANG_WARN_CONSTANT_CONVERSION = YES;
				CLANG_WARN_DEPRECATED_OBJC_IMPLEMENTATIONS = YES;
				CLANG_WARN_DIRECT_OBJC_ISA_USAGE = YES_ERROR;
				CLANG_WARN_DOCUMENTATION_COMMENTS = YES;
				CLANG_WARN_EMPTY_BODY = YES;
				CLANG_WARN_ENUM_CONVERSION = YES;
				CLANG_WARN_INFINITE_RECURSION = YES;
				CLANG_WARN_INT_CONVERSION = YES;
				CLANG_WARN_NON_LITERAL_NULL_CONVERSION = YES;
				CLANG_WARN_OBJC_IMPLICIT_RETAIN_SELF = YES;
				CLANG_WARN_OBJC_LITERAL_CONVERSION = YES;
				CLANG_WARN_OBJC_ROOT_CLASS = YES_ERROR;
				CLANG_WARN_QUOTED_INCLUDE_IN_FRAMEWORK_HEADER = YES;
				CLANG_WARN_RANGE_LOOP_ANALYSIS = YES;
				CLANG_WARN_STRICT_PROTOTYPES = YES;
				CLANG_WARN_SUSPICIOUS_MOVE = YES;
				CLANG_WARN_UNGUARDED_AVAILABILITY = YES_AGGRESSIVE;
				CLANG_WARN_UNREACHABLE_CODE = YES;
				CLANG_WARN__DUPLICATE_METHOD_MATCH = YES;
				COPY_PHASE_STRIP = NO;
				DEBUG_INFORMATION_FORMAT = dwarf;
				ENABLE_STRICT_OBJC_MSGSEND = YES;
				ENABLE_TESTABILITY = YES;
				ENABLE_USER_SCRIPT_SANDBOXING = YES;
				GCC_C_LANGUAGE_STANDARD = gnu17;
				GCC_DYNAMIC_NO_PIC = NO;
				GCC_NO_COMMON_BLOCKS = YES;
				GCC_OPTIMIZATION_LEVEL = 0;
				GCC_PREPROCESSOR_DEFINITIONS = (
					"DEBUG=1",
					"$(inherited)",
				);
				GCC_WARN_64_TO_32_BIT_CONVERSION = YES;
				GCC_WARN_ABOUT_RETURN_TYPE = YES_ERROR;
				GCC_WARN_UNDECLARED_SELECTOR = YES;
				GCC_WARN_UNINITIALIZED_AUTOS = YES_AGGRESSIVE;
				GCC_WARN_UNUSED_FUNCTION = YES;
				GCC_WARN_UNUSED_VARIABLE = YES;
				IPHONEOS_DEPLOYMENT_TARGET = 18.2;
				LOCALIZATION_PREFERS_STRING_CATALOGS = YES;
				MTL_ENABLE_DEBUG_INFO = INCLUDE_SOURCE;
				MTL_FAST_MATH = YES;
				ONLY_ACTIVE_ARCH = YES;
				SDKROOT = iphoneos;
				SWIFT_ACTIVE_COMPILATION_CONDITIONS = "DEBUG $(inherited)";
				SWIFT_OPTIMIZATION_LEVEL = "-Onone";
			};
			name = Debug;
		};
		A1BC83E42D58A326009264B5 /* Release */ = {
			isa = XCBuildConfiguration;
			buildSettings = {
				ALWAYS_SEARCH_USER_PATHS = NO;
				ASSETCATALOG_COMPILER_GENERATE_SWIFT_ASSET_SYMBOL_EXTENSIONS = YES;
				CLANG_ANALYZER_NONNULL = YES;
				CLANG_ANALYZER_NUMBER_OBJECT_CONVERSION = YES_AGGRESSIVE;
				CLANG_CXX_LANGUAGE_STANDARD = "gnu++20";
				CLANG_ENABLE_MODULES = YES;
				CLANG_ENABLE_OBJC_ARC = YES;
				CLANG_ENABLE_OBJC_WEAK = YES;
				CLANG_WARN_BLOCK_CAPTURE_AUTORELEASING = YES;
				CLANG_WARN_BOOL_CONVERSION = YES;
				CLANG_WARN_COMMA = YES;
				CLANG_WARN_CONSTANT_CONVERSION = YES;
				CLANG_WARN_DEPRECATED_OBJC_IMPLEMENTATIONS = YES;
				CLANG_WARN_DIRECT_OBJC_ISA_USAGE = YES_ERROR;
				CLANG_WARN_DOCUMENTATION_COMMENTS = YES;
				CLANG_WARN_EMPTY_BODY = YES;
				CLANG_WARN_ENUM_CONVERSION = YES;
				CLANG_WARN_INFINITE_RECURSION = YES;
				CLANG_WARN_INT_CONVERSION = YES;
				CLANG_WARN_NON_LITERAL_NULL_CONVERSION = YES;
				CLANG_WARN_OBJC_IMPLICIT_RETAIN_SELF = YES;
				CLANG_WARN_OBJC_LITERAL_CONVERSION = YES;
				CLANG_WARN_OBJC_ROOT_CLASS = YES_ERROR;
				CLANG_WARN_QUOTED_INCLUDE_IN_FRAMEWORK_HEADER = YES;
				CLANG_WARN_RANGE_LOOP_ANALYSIS = YES;
				CLANG_WARN_STRICT_PROTOTYPES = YES;
				CLANG_WARN_SUSPICIOUS_MOVE = YES;
				CLANG_WARN_UNGUARDED_AVAILABILITY = YES_AGGRESSIVE;
				CLANG_WARN_UNREACHABLE_CODE = YES;
				CLANG_WARN__DUPLICATE_METHOD_MATCH = YES;
				COPY_PHASE_STRIP = NO;
				DEBUG_INFORMATION_FORMAT = "dwarf-with-dsym";
				ENABLE_NS_ASSERTIONS = NO;
				ENABLE_STRICT_OBJC_MSGSEND = YES;
				ENABLE_USER_SCRIPT_SANDBOXING = YES;
				GCC_C_LANGUAGE_STANDARD = gnu17;
				GCC_NO_COMMON_BLOCKS = YES;
				GCC_WARN_64_TO_32_BIT_CONVERSION = YES;
				GCC_WARN_ABOUT_RETURN_TYPE = YES_ERROR;
				GCC_WARN_UNDECLARED_SELECTOR = YES;
				GCC_WARN_UNINITIALIZED_AUTOS = YES_AGGRESSIVE;
				GCC_WARN_UNUSED_FUNCTION = YES;
				GCC_WARN_UNUSED_VARIABLE = YES;
				IPHONEOS_DEPLOYMENT_TARGET = 18.2;
				LOCALIZATION_PREFERS_STRING_CATALOGS = YES;
				MTL_ENABLE_DEBUG_INFO = NO;
				MTL_FAST_MATH = YES;
				SDKROOT = iphoneos;
				SWIFT_COMPILATION_MODE = wholemodule;
				VALIDATE_PRODUCT = YES;
			};
			name = Release;
		};
		A1BC83E62D58A326009264B5 /* Debug */ = {
			isa = XCBuildConfiguration;
			buildSettings = {
				ASSETCATALOG_COMPILER_APPICON_NAME = AppIcon;
				ASSETCATALOG_COMPILER_GLOBAL_ACCENT_COLOR_NAME = AccentColor;
				CODE_SIGN_STYLE = Automatic;
				CURRENT_PROJECT_VERSION = 1;
				DEVELOPMENT_ASSET_PATHS = "\"IOS_test1/Preview Content\"";
				DEVELOPMENT_TEAM = 2X2M4W4837;
				ENABLE_PREVIEWS = YES;
				GENERATE_INFOPLIST_FILE = YES;
				INFOPLIST_KEY_UIApplicationSceneManifest_Generation = YES;
				INFOPLIST_KEY_UIApplicationSupportsIndirectInputEvents = YES;
				INFOPLIST_KEY_UILaunchScreen_Generation = YES;
				INFOPLIST_KEY_UISupportedInterfaceOrientations_iPad = "UIInterfaceOrientationPortrait UIInterfaceOrientationPortraitUpsideDown UIInterfaceOrientationLandscapeLeft UIInterfaceOrientationLandscapeRight";
				INFOPLIST_KEY_UISupportedInterfaceOrientations_iPhone = "UIInterfaceOrientationPortrait UIInterfaceOrientationLandscapeLeft UIInterfaceOrientationLandscapeRight";
				LD_RUNPATH_SEARCH_PATHS = (
					"$(inherited)",
					"@executable_path/Frameworks",
				);
				MARKETING_VERSION = 1.0;
				PRODUCT_BUNDLE_IDENTIFIER = "freeleaf.IOS-test1";
				PRODUCT_NAME = "$(TARGET_NAME)";
				SWIFT_EMIT_LOC_STRINGS = YES;
				SWIFT_VERSION = 5.0;
				TARGETED_DEVICE_FAMILY = "1,2";
			};
			name = Debug;
		};
		A1BC83E72D58A326009264B5 /* Release */ = {
			isa = XCBuildConfiguration;
			buildSettings = {
				ASSETCATALOG_COMPILER_APPICON_NAME = AppIcon;
				ASSETCATALOG_COMPILER_GLOBAL_ACCENT_COLOR_NAME = AccentColor;
				CODE_SIGN_STYLE = Automatic;
				CURRENT_PROJECT_VERSION = 1;
				DEVELOPMENT_ASSET_PATHS = "\"IOS_test1/Preview Content\"";
				DEVELOPMENT_TEAM = 2X2M4W4837;
				ENABLE_PREVIEWS = YES;
				GENERATE_INFOPLIST_FILE = YES;
				INFOPLIST_KEY_UIApplicationSceneManifest_Generation = YES;
				INFOPLIST_KEY_UIApplicationSupportsIndirectInputEvents = YES;
				INFOPLIST_KEY_UILaunchScreen_Generation = YES;
				INFOPLIST_KEY_UISupportedInterfaceOrientations_iPad = "UIInterfaceOrientationPortrait UIInterfaceOrientationPortraitUpsideDown UIInterfaceOrientationLandscapeLeft UIInterfaceOrientationLandscapeRight";
				INFOPLIST_KEY_UISupportedInterfaceOrientations_iPhone = "UIInterfaceOrientationPortrait UIInterfaceOrientationLandscapeLeft UIInterfaceOrientationLandscapeRight";
				LD_RUNPATH_SEARCH_PATHS = (
					"$(inherited)",
					"@executable_path/Frameworks",
				);
				MARKETING_VERSION = 1.0;
				PRODUCT_BUNDLE_IDENTIFIER = "freeleaf.IOS-test1";
				PRODUCT_NAME = "$(TARGET_NAME)";
				SWIFT_EMIT_LOC_STRINGS = YES;
				SWIFT_VERSION = 5.0;
				TARGETED_DEVICE_FAMILY = "1,2";
			};
			name = Release;
		};
		A1BC83E92D58A326009264B5 /* Debug */ = {
			isa = XCBuildConfiguration;
			buildSettings = {
				BUNDLE_LOADER = "$(TEST_HOST)";
				CODE_SIGN_STYLE = Automatic;
				CURRENT_PROJECT_VERSION = 1;
				DEVELOPMENT_TEAM = 2X2M4W4837;
				GENERATE_INFOPLIST_FILE = YES;
				IPHONEOS_DEPLOYMENT_TARGET = 18.2;
				MARKETING_VERSION = 1.0;
				PRODUCT_BUNDLE_IDENTIFIER = "freeleaf.IOS-test1Tests";
				PRODUCT_NAME = "$(TARGET_NAME)";
				SWIFT_EMIT_LOC_STRINGS = NO;
				SWIFT_VERSION = 5.0;
				TARGETED_DEVICE_FAMILY = "1,2";
				TEST_HOST = "$(BUILT_PRODUCTS_DIR)/IOS_test1.app/$(BUNDLE_EXECUTABLE_FOLDER_PATH)/IOS_test1";
			};
			name = Debug;
		};
		A1BC83EA2D58A326009264B5 /* Release */ = {
			isa = XCBuildConfiguration;
			buildSettings = {
				BUNDLE_LOADER = "$(TEST_HOST)";
				CODE_SIGN_STYLE = Automatic;
				CURRENT_PROJECT_VERSION = 1;
				DEVELOPMENT_TEAM = 2X2M4W4837;
				GENERATE_INFOPLIST_FILE = YES;
				IPHONEOS_DEPLOYMENT_TARGET = 18.2;
				MARKETING_VERSION = 1.0;
				PRODUCT_BUNDLE_IDENTIFIER = "freeleaf.IOS-test1Tests";
				PRODUCT_NAME = "$(TARGET_NAME)";
				SWIFT_EMIT_LOC_STRINGS = NO;
				SWIFT_VERSION = 5.0;
				TARGETED_DEVICE_FAMILY = "1,2";
				TEST_HOST = "$(BUILT_PRODUCTS_DIR)/IOS_test1.app/$(BUNDLE_EXECUTABLE_FOLDER_PATH)/IOS_test1";
			};
			name = Release;
		};
		A1BC83EC2D58A326009264B5 /* Debug */ = {
			isa = XCBuildConfiguration;
			buildSettings = {
				CODE_SIGN_STYLE = Automatic;
				CURRENT_PROJECT_VERSION = 1;
				DEVELOPMENT_TEAM = 2X2M4W4837;
				GENERATE_INFOPLIST_FILE = YES;
				MARKETING_VERSION = 1.0;
				PRODUCT_BUNDLE_IDENTIFIER = "freeleaf.IOS-test1UITests";
				PRODUCT_NAME = "$(TARGET_NAME)";
				SWIFT_EMIT_LOC_STRINGS = NO;
				SWIFT_VERSION = 5.0;
				TARGETED_DEVICE_FAMILY = "1,2";
				TEST_TARGET_NAME = IOS_test1;
			};
			name = Debug;
		};
		A1BC83ED2D58A326009264B5 /* Release */ = {
			isa = XCBuildConfiguration;
			buildSettings = {
				CODE_SIGN_STYLE = Automatic;
				CURRENT_PROJECT_VERSION = 1;
				DEVELOPMENT_TEAM = 2X2M4W4837;
				GENERATE_INFOPLIST_FILE = YES;
				MARKETING_VERSION = 1.0;
				PRODUCT_BUNDLE_IDENTIFIER = "freeleaf.IOS-test1UITests";
				PRODUCT_NAME = "$(TARGET_NAME)";
				SWIFT_EMIT_LOC_STRINGS = NO;
				SWIFT_VERSION = 5.0;
				TARGETED_DEVICE_FAMILY = "1,2";
				TEST_TARGET_NAME = IOS_test1;
			};
			name = Release;
		};
/* End XCBuildConfiguration section */

/* Begin XCConfigurationList section */
		A1BC83BA2D58A324009264B5 /* Build configuration list for PBXProject "IOS_test1" */ = {
			isa = XCConfigurationList;
			buildConfigurations = (
				A1BC83E32D58A326009264B5 /* Debug */,
				A1BC83E42D58A326009264B5 /* Release */,
			);
			defaultConfigurationIsVisible = 0;
			defaultConfigurationName = Release;
		};
		A1BC83E52D58A326009264B5 /* Build configuration list for PBXNativeTarget "IOS_test1" */ = {
			isa = XCConfigurationList;
			buildConfigurations = (
				A1BC83E62D58A326009264B5 /* Debug */,
				A1BC83E72D58A326009264B5 /* Release */,
			);
			defaultConfigurationIsVisible = 0;
			defaultConfigurationName = Release;
		};
		A1BC83E82D58A326009264B5 /* Build configuration list for PBXNativeTarget "IOS_test1Tests" */ = {
			isa = XCConfigurationList;
			buildConfigurations = (
				A1BC83E92D58A326009264B5 /* Debug */,
				A1BC83EA2D58A326009264B5 /* Release */,
			);
			defaultConfigurationIsVisible = 0;
			defaultConfigurationName = Release;
		};
		A1BC83EB2D58A326009264B5 /* Build configuration list for PBXNativeTarget "IOS_test1UITests" */ = {
			isa = XCConfigurationList;
			buildConfigurations = (
				A1BC83EC2D58A326009264B5 /* Debug */,
				A1BC83ED2D58A326009264B5 /* Release */,
			);
			defaultConfigurationIsVisible = 0;
			defaultConfigurationName = Release;
		};
/* End XCConfigurationList section */
	};
	rootObject = A1BC83B72D58A324009264B5 /* Project object */;
}
